
Microsoft Visual Studio Solution File, Format Version 12.00
# Visual Studio 15
VisualStudioVersion = 15.0.26430.14
MinimumVisualStudioVersion = 10.0.40219.1
Project("{FAE04EC0-301F-11D3-BF4B-00C04F79EFBC}") = "Mite", "Mite\Mite.csproj", "{0D8688BF-EAC2-4448-B18C-204AB7B17723}"
EndProject
Project("{FAE04EC0-301F-11D3-BF4B-00C04F79EFBC}") = "Mite.Tests", "Mite.Tests\Mite.Tests.csproj", "{EB8B5DB3-AEB7-4B90-8218-EBE587A135EF}"
EndProject
Project("{FAE04EC0-301F-11D3-BF4B-00C04F79EFBC}") = "Mite.ExternalServices", "Mite.ExternalServices\Mite.ExternalServices.csproj", "{05B84F08-C5FC-4FE8-AA9D-64A2E10849CD}"
EndProject
Project("{FAE04EC0-301F-11D3-BF4B-00C04F79EFBC}") = "Mite.DAL", "Mite.DAL\Mite.DAL.csproj", "{C3FC354E-9D4D-47C9-82AE-63D5C4AD7343}"
EndProject
Project("{FAE04EC0-301F-11D3-BF4B-00C04F79EFBC}") = "Mite.CodeData", "Mite.CodeData\Mite.CodeData.csproj", "{7F830D87-A7D7-4717-B86C-0806C1E8B6AE}"
EndProject
Project("{FAE04EC0-301F-11D3-BF4B-00C04F79EFBC}") = "LoadToCsv", "LoadToCsv\LoadToCsv.csproj", "{B9B8E4E7-7663-4583-B677-67A338E0F824}"
EndProject
Global
	GlobalSection(SolutionConfigurationPlatforms) = preSolution
		Debug|Any CPU = Debug|Any CPU
		Release|Any CPU = Release|Any CPU
	EndGlobalSection
	GlobalSection(ProjectConfigurationPlatforms) = postSolution
		{0D8688BF-EAC2-4448-B18C-204AB7B17723}.Debug|Any CPU.ActiveCfg = Debug|Any CPU
		{0D8688BF-EAC2-4448-B18C-204AB7B17723}.Debug|Any CPU.Build.0 = Debug|Any CPU
		{0D8688BF-EAC2-4448-B18C-204AB7B17723}.Release|Any CPU.ActiveCfg = Release|Any CPU
		{0D8688BF-EAC2-4448-B18C-204AB7B17723}.Release|Any CPU.Build.0 = Release|Any CPU
		{EB8B5DB3-AEB7-4B90-8218-EBE587A135EF}.Debug|Any CPU.ActiveCfg = Debug|Any CPU
		{EB8B5DB3-AEB7-4B90-8218-EBE587A135EF}.Debug|Any CPU.Build.0 = Debug|Any CPU
		{EB8B5DB3-AEB7-4B90-8218-EBE587A135EF}.Release|Any CPU.ActiveCfg = Release|Any CPU
		{EB8B5DB3-AEB7-4B90-8218-EBE587A135EF}.Release|Any CPU.Build.0 = Release|Any CPU
		{05B84F08-C5FC-4FE8-AA9D-64A2E10849CD}.Debug|Any CPU.ActiveCfg = Debug|Any CPU
		{05B84F08-C5FC-4FE8-AA9D-64A2E10849CD}.Debug|Any CPU.Build.0 = Debug|Any CPU
		{05B84F08-C5FC-4FE8-AA9D-64A2E10849CD}.Release|Any CPU.ActiveCfg = Release|Any CPU
		{05B84F08-C5FC-4FE8-AA9D-64A2E10849CD}.Release|Any CPU.Build.0 = Release|Any CPU
		{C3FC354E-9D4D-47C9-82AE-63D5C4AD7343}.Debug|Any CPU.ActiveCfg = Debug|Any CPU
		{C3FC354E-9D4D-47C9-82AE-63D5C4AD7343}.Debug|Any CPU.Build.0 = Debug|Any CPU
		{C3FC354E-9D4D-47C9-82AE-63D5C4AD7343}.Release|Any CPU.ActiveCfg = Release|Any CPU
		{C3FC354E-9D4D-47C9-82AE-63D5C4AD7343}.Release|Any CPU.Build.0 = Release|Any CPU
		{7F830D87-A7D7-4717-B86C-0806C1E8B6AE}.Debug|Any CPU.ActiveCfg = Debug|Any CPU
		{7F830D87-A7D7-4717-B86C-0806C1E8B6AE}.Debug|Any CPU.Build.0 = Debug|Any CPU
		{7F830D87-A7D7-4717-B86C-0806C1E8B6AE}.Release|Any CPU.ActiveCfg = Release|Any CPU
		{7F830D87-A7D7-4717-B86C-0806C1E8B6AE}.Release|Any CPU.Build.0 = Release|Any CPU
		{B9B8E4E7-7663-4583-B677-67A338E0F824}.Debug|Any CPU.ActiveCfg = Debug|Any CPU
		{B9B8E4E7-7663-4583-B677-67A338E0F824}.Debug|Any CPU.Build.0 = Debug|Any CPU
		{B9B8E4E7-7663-4583-B677-67A338E0F824}.Release|Any CPU.ActiveCfg = Release|Any CPU
		{B9B8E4E7-7663-4583-B677-67A338E0F824}.Release|Any CPU.Build.0 = Release|Any CPU
	EndGlobalSection
	GlobalSection(SolutionProperties) = preSolution
		HideSolutionNode = FALSE
	EndGlobalSection
EndGlobal
